
Microsoft Visual Studio Solution File, Format Version 12.00
# Visual Studio Version 17
VisualStudioVersion = 17.11.35222.181
MinimumVisualStudioVersion = 10.0.40219.1
Project("{FAE04EC0-301F-11D3-BF4B-00C04F79EFBC}") = "CAPA_DATOS", "CAPA_DATOS\CAPA_DATOS.csproj", "{D022B262-641A-4BF5-B0CB-5621B37A699C}"
EndProject
Project("{FAE04EC0-301F-11D3-BF4B-00C04F79EFBC}") = "CAPA_NEGOCIO", "CAPA_NEGOCIO\CAPA_NEGOCIO.csproj", "{0B33AEEC-8000-4730-B240-6EC1FFB28A1C}"
EndProject
Project("{FAE04EC0-301F-11D3-BF4B-00C04F79EFBC}") = "CAPA_PRESENTACION", "CAPA_PRESENTACION\CAPA_PRESENTACION.csproj", "{17D04AEC-F705-4791-965B-FA4598214A46}"
EndProject
Global
	GlobalSection(SolutionConfigurationPlatforms) = preSolution
		Debug|Any CPU = Debug|Any CPU
		Release|Any CPU = Release|Any CPU
	EndGlobalSection
	GlobalSection(ProjectConfigurationPlatforms) = postSolution
		{D022B262-641A-4BF5-B0CB-5621B37A699C}.Debug|Any CPU.ActiveCfg = Debug|Any CPU
		{D022B262-641A-4BF5-B0CB-5621B37A699C}.Debug|Any CPU.Build.0 = Debug|Any CPU
		{D022B262-641A-4BF5-B0CB-5621B37A699C}.Release|Any CPU.ActiveCfg = Release|Any CPU
		{D022B262-641A-4BF5-B0CB-5621B37A699C}.Release|Any CPU.Build.0 = Release|Any CPU
		{0B33AEEC-8000-4730-B240-6EC1FFB28A1C}.Debug|Any CPU.ActiveCfg = Debug|Any CPU
		{0B33AEEC-8000-4730-B240-6EC1FFB28A1C}.Debug|Any CPU.Build.0 = Debug|Any CPU
		{0B33AEEC-8000-4730-B240-6EC1FFB28A1C}.Release|Any CPU.ActiveCfg = Release|Any CPU
		{0B33AEEC-8000-4730-B240-6EC1FFB28A1C}.Release|Any CPU.Build.0 = Release|Any CPU
		{17D04AEC-F705-4791-965B-FA4598214A46}.Debug|Any CPU.ActiveCfg = Debug|Any CPU
		{17D04AEC-F705-4791-965B-FA4598214A46}.Debug|Any CPU.Build.0 = Debug|Any CPU
		{17D04AEC-F705-4791-965B-FA4598214A46}.Release|Any CPU.ActiveCfg = Release|Any CPU
		{17D04AEC-F705-4791-965B-FA4598214A46}.Release|Any CPU.Build.0 = Release|Any CPU
	EndGlobalSection
	GlobalSection(SolutionProperties) = preSolution
		HideSolutionNode = FALSE
	EndGlobalSection
	GlobalSection(ExtensibilityGlobals) = postSolution
		SolutionGuid = {D1E140D5-00F8-4A18-958C-7CFA739EA679}
	EndGlobalSection
EndGlobal
